// !$*UTF8*$!
{
	archiveVersion = 1;
	classes = {
	};
	objectVersion = 46;
	objects = {

/* Begin PBXBuildFile section */
		30F3055E1A12EECF0072FB6E /* main.m in Sources */ = {isa = PBXBuildFile; fileRef = 30F3055D1A12EECF0072FB6E /* main.m */; };
		30F305611A12EECF0072FB6E /* AppDelegate.m in Sources */ = {isa = PBXBuildFile; fileRef = 30F305601A12EECF0072FB6E /* AppDelegate.m */; };
		30F305641A12EECF0072FB6E /* ViewController.m in Sources */ = {isa = PBXBuildFile; fileRef = 30F305631A12EECF0072FB6E /* ViewController.m */; };
		30F305671A12EECF0072FB6E /* Main.storyboard in Resources */ = {isa = PBXBuildFile; fileRef = 30F305651A12EECF0072FB6E /* Main.storyboard */; };
		30F305691A12EECF0072FB6E /* Images.xcassets in Resources */ = {isa = PBXBuildFile; fileRef = 30F305681A12EECF0072FB6E /* Images.xcassets */; };
		30F3056C1A12EECF0072FB6E /* LaunchScreen.xib in Resources */ = {isa = PBXBuildFile; fileRef = 30F3056A1A12EECF0072FB6E /* LaunchScreen.xib */; };
		30F305781A12EECF0072FB6E /* FNDemo3Tests.m in Sources */ = {isa = PBXBuildFile; fileRef = 30F305771A12EECF0072FB6E /* FNDemo3Tests.m */; };
/* End PBXBuildFile section */

/* Begin PBXContainerItemProxy section */
		30F305721A12EECF0072FB6E /* PBXContainerItemProxy */ = {
			isa = PBXContainerItemProxy;
			containerPortal = 30F305501A12EECE0072FB6E /* Project object */;
			proxyType = 1;
			remoteGlobalIDString = 30F305571A12EECF0072FB6E;
			remoteInfo = FNDemo3;
		};
/* End PBXContainerItemProxy section */

/* Begin PBXFileReference section */
		30F305581A12EECF0072FB6E /* FNDemo3.app */ = {isa = PBXFileReference; explicitFileType = wrapper.application; includeInIndex = 0; path = FNDemo3.app; sourceTree = BUILT_PRODUCTS_DIR; };
		30F3055C1A12EECF0072FB6E /* Info.plist */ = {isa = PBXFileReference; lastKnownFileType = text.plist.xml; path = Info.plist; sourceTree = "<group>"; };
		30F3055D1A12EECF0072FB6E /* main.m */ = {isa = PBXFileReference; lastKnownFileType = sourcecode.c.objc; path = main.m; sourceTree = "<group>"; };
		30F3055F1A12EECF0072FB6E /* AppDelegate.h */ = {isa = PBXFileReference; lastKnownFileType = sourcecode.c.h; path = AppDelegate.h; sourceTree = "<group>"; };
		30F305601A12EECF0072FB6E /* AppDelegate.m */ = {isa = PBXFileReference; lastKnownFileType = sourcecode.c.objc; path = AppDelegate.m; sourceTree = "<group>"; };
		30F305621A12EECF0072FB6E /* ViewController.h */ = {isa = PBXFileReference; lastKnownFileType = sourcecode.c.h; path = ViewController.h; sourceTree = "<group>"; };
		30F305631A12EECF0072FB6E /* ViewController.m */ = {isa = PBXFileReference; lastKnownFileType = sourcecode.c.objc; path = ViewController.m; sourceTree = "<group>"; };
		30F305661A12EECF0072FB6E /* Base */ = {isa = PBXFileReference; lastKnownFileType = file.storyboard; name = Base; path = Base.lproj/Main.storyboard; sourceTree = "<group>"; };
		30F305681A12EECF0072FB6E /* Images.xcassets */ = {isa = PBXFileReference; lastKnownFileType = folder.assetcatalog; path = Images.xcassets; sourceTree = "<group>"; };
		30F3056B1A12EECF0072FB6E /* Base */ = {isa = PBXFileReference; lastKnownFileType = file.xib; name = Base; path = Base.lproj/LaunchScreen.xib; sourceTree = "<group>"; };
		30F305711A12EECF0072FB6E /* FNDemo3Tests.xctest */ = {isa = PBXFileReference; explicitFileType = wrapper.cfbundle; includeInIndex = 0; path = FNDemo3Tests.xctest; sourceTree = BUILT_PRODUCTS_DIR; };
		30F305761A12EECF0072FB6E /* Info.plist */ = {isa = PBXFileReference; lastKnownFileType = text.plist.xml; path = Info.plist; sourceTree = "<group>"; };
		30F305771A12EECF0072FB6E /* FNDemo3Tests.m */ = {isa = PBXFileReference; lastKnownFileType = sourcecode.c.objc; path = FNDemo3Tests.m; sourceTree = "<group>"; };
/* End PBXFileReference section */

/* Begin PBXFrameworksBuildPhase section */
		30F305551A12EECF0072FB6E /* Frameworks */ = {
			isa = PBXFrameworksBuildPhase;
			buildActionMask = 2147483647;
			files = (
			);
			runOnlyForDeploymentPostprocessing = 0;
		};
		30F3056E1A12EECF0072FB6E /* Frameworks */ = {
			isa = PBXFrameworksBuildPhase;
			buildActionMask = 2147483647;
			files = (
			);
			runOnlyForDeploymentPostprocessing = 0;
		};
/* End PBXFrameworksBuildPhase section */

/* Begin PBXGroup section */
		30F3054F1A12EECE0072FB6E = {
			isa = PBXGroup;
			children = (
				30F3055A1A12EECF0072FB6E /* FNDemo3 */,
				30F305741A12EECF0072FB6E /* FNDemo3Tests */,
				30F305591A12EECF0072FB6E /* Products */,
			);
			sourceTree = "<group>";
		};
		30F305591A12EECF0072FB6E /* Products */ = {
			isa = PBXGroup;
			children = (
				30F305581A12EECF0072FB6E /* FNDemo3.app */,
				30F305711A12EECF0072FB6E /* FNDemo3Tests.xctest */,
			);
			name = Products;
			sourceTree = "<group>";
		};
		30F3055A1A12EECF0072FB6E /* FNDemo3 */ = {
			isa = PBXGroup;
			children = (
				30F3055F1A12EECF0072FB6E /* AppDelegate.h */,
				30F305601A12EECF0072FB6E /* AppDelegate.m */,
				30F305621A12EECF0072FB6E /* ViewController.h */,
				30F305631A12EECF0072FB6E /* ViewController.m */,
				30F305651A12EECF0072FB6E /* Main.storyboard */,
				30F305681A12EECF0072FB6E /* Images.xcassets */,
				30F3056A1A12EECF0072FB6E /* LaunchScreen.xib */,
				30F3055B1A12EECF0072FB6E /* Supporting Files */,
			);
			path = FNDemo3;
			sourceTree = "<group>";
		};
		30F3055B1A12EECF0072FB6E /* Supporting Files */ = {
			isa = PBXGroup;
			children = (
				30F3055C1A12EECF0072FB6E /* Info.plist */,
				30F3055D1A12EECF0072FB6E /* main.m */,
			);
			name = "Supporting Files";
			sourceTree = "<group>";
		};
		30F305741A12EECF0072FB6E /* FNDemo3Tests */ = {
			isa = PBXGroup;
			children = (
				30F305771A12EECF0072FB6E /* FNDemo3Tests.m */,
				30F305751A12EECF0072FB6E /* Supporting Files */,
			);
			path = FNDemo3Tests;
			sourceTree = "<group>";
		};
		30F305751A12EECF0072FB6E /* Supporting Files */ = {
			isa = PBXGroup;
			children = (
				30F305761A12EECF0072FB6E /* Info.plist */,
			);
			name = "Supporting Files";
			sourceTree = "<group>";
		};
/* End PBXGroup section */

/* Begin PBXNativeTarget section */
		30F305571A12EECF0072FB6E /* FNDemo3 */ = {
			isa = PBXNativeTarget;
			buildConfigurationList = 30F3057B1A12EECF0072FB6E /* Build configuration list for PBXNativeTarget "FNDemo3" */;
			buildPhases = (
				30F305541A12EECF0072FB6E /* Sources */,
				30F305551A12EECF0072FB6E /* Frameworks */,
				30F305561A12EECF0072FB6E /* Resources */,
			);
			buildRules = (
			);
			dependencies = (
			);
			name = FNDemo3;
			productName = FNDemo3;
			productReference = 30F305581A12EECF0072FB6E /* FNDemo3.app */;
			productType = "com.apple.product-type.application";
		};
		30F305701A12EECF0072FB6E /* FNDemo3Tests */ = {
			isa = PBXNativeTarget;
			buildConfigurationList = 30F3057E1A12EECF0072FB6E /* Build configuration list for PBXNativeTarget "FNDemo3Tests" */;
			buildPhases = (
				30F3056D1A12EECF0072FB6E /* Sources */,
				30F3056E1A12EECF0072FB6E /* Frameworks */,
				30F3056F1A12EECF0072FB6E /* Resources */,
			);
			buildRules = (
			);
			dependencies = (
				30F305731A12EECF0072FB6E /* PBXTargetDependency */,
			);
			name = FNDemo3Tests;
			productName = FNDemo3Tests;
			productReference = 30F305711A12EECF0072FB6E /* FNDemo3Tests.xctest */;
			productType = "com.apple.product-type.bundle.unit-test";
		};
/* End PBXNativeTarget section */

/* Begin PBXProject section */
		30F305501A12EECE0072FB6E /* Project object */ = {
			isa = PBXProject;
			attributes = {
				LastUpgradeCheck = 0610;
				ORGANIZATIONNAME = "Founders Network";
				TargetAttributes = {
					30F305571A12EECF0072FB6E = {
						CreatedOnToolsVersion = 6.1;
					};
					30F305701A12EECF0072FB6E = {
						CreatedOnToolsVersion = 6.1;
						TestTargetID = 30F305571A12EECF0072FB6E;
					};
				};
			};
			buildConfigurationList = 30F305531A12EECE0072FB6E /* Build configuration list for PBXProject "FNDemo3" */;
			compatibilityVersion = "Xcode 3.2";
			developmentRegion = English;
			hasScannedForEncodings = 0;
			knownRegions = (
				en,
				Base,
			);
			mainGroup = 30F3054F1A12EECE0072FB6E;
			productRefGroup = 30F305591A12EECF0072FB6E /* Products */;
			projectDirPath = "";
			projectRoot = "";
			targets = (
				30F305571A12EECF0072FB6E /* FNDemo3 */,
				30F305701A12EECF0072FB6E /* FNDemo3Tests */,
			);
		};
/* End PBXProject section */

/* Begin PBXResourcesBuildPhase section */
		30F305561A12EECF0072FB6E /* Resources */ = {
			isa = PBXResourcesBuildPhase;
			buildActionMask = 2147483647;
			files = (
				30F305671A12EECF0072FB6E /* Main.storyboard in Resources */,
				30F3056C1A12EECF0072FB6E /* LaunchScreen.xib in Resources */,
				30F305691A12EECF0072FB6E /* Images.xcassets in Resources */,
			);
			runOnlyForDeploymentPostprocessing = 0;
		};
		30F3056F1A12EECF0072FB6E /* Resources */ = {
			isa = PBXResourcesBuildPhase;
			buildActionMask = 2147483647;
			files = (
			);
			runOnlyForDeploymentPostprocessing = 0;
		};
/* End PBXResourcesBuildPhase section */

/* Begin PBXSourcesBuildPhase section */
		30F305541A12EECF0072FB6E /* Sources */ = {
			isa = PBXSourcesBuildPhase;
			buildActionMask = 2147483647;
			files = (
				30F305641A12EECF0072FB6E /* ViewController.m in Sources */,
				30F305611A12EECF0072FB6E /* AppDelegate.m in Sources */,
				30F3055E1A12EECF0072FB6E /* main.m in Sources */,
			);
			runOnlyForDeploymentPostprocessing = 0;
		};
		30F3056D1A12EECF0072FB6E /* Sources */ = {
			isa = PBXSourcesBuildPhase;
			buildActionMask = 2147483647;
			files = (
				30F305781A12EECF0072FB6E /* FNDemo3Tests.m in Sources */,
			);
			runOnlyForDeploymentPostprocessing = 0;
		};
/* End PBXSourcesBuildPhase section */

/* Begin PBXTargetDependency section */
		30F305731A12EECF0072FB6E /* PBXTargetDependency */ = {
			isa = PBXTargetDependency;
			target = 30F305571A12EECF0072FB6E /* FNDemo3 */;
			targetProxy = 30F305721A12EECF0072FB6E /* PBXContainerItemProxy */;
		};
/* End PBXTargetDependency section */

/* Begin PBXVariantGroup section */
		30F305651A12EECF0072FB6E /* Main.storyboard */ = {
			isa = PBXVariantGroup;
			children = (
				30F305661A12EECF0072FB6E /* Base */,
			);
			name = Main.storyboard;
			sourceTree = "<group>";
		};
		30F3056A1A12EECF0072FB6E /* LaunchScreen.xib */ = {
			isa = PBXVariantGroup;
			children = (
				30F3056B1A12EECF0072FB6E /* Base */,
			);
			name = LaunchScreen.xib;
			sourceTree = "<group>";
		};
/* End PBXVariantGroup section */

/* Begin XCBuildConfiguration section */
		30F305791A12EECF0072FB6E /* Debug */ = {
			isa = XCBuildConfiguration;
			buildSettings = {
				ALWAYS_SEARCH_USER_PATHS = NO;
				CLANG_CXX_LANGUAGE_STANDARD = "gnu++0x";
				CLANG_CXX_LIBRARY = "libc++";
				CLANG_ENABLE_MODULES = YES;
				CLANG_ENABLE_OBJC_ARC = YES;
				CLANG_WARN_BOOL_CONVERSION = YES;
				CLANG_WARN_CONSTANT_CONVERSION = YES;
				CLANG_WARN_DIRECT_OBJC_ISA_USAGE = YES_ERROR;
				CLANG_WARN_EMPTY_BODY = YES;
				CLANG_WARN_ENUM_CONVERSION = YES;
				CLANG_WARN_INT_CONVERSION = YES;
				CLANG_WARN_OBJC_ROOT_CLASS = YES_ERROR;
				CLANG_WARN_UNREACHABLE_CODE = YES;
				CLANG_WARN__DUPLICATE_METHOD_MATCH = YES;
				"CODE_SIGN_IDENTITY[sdk=iphoneos*]" = "iPhone Developer";
				COPY_PHASE_STRIP = NO;
				ENABLE_STRICT_OBJC_MSGSEND = YES;
				GCC_C_LANGUAGE_STANDARD = gnu99;
				GCC_DYNAMIC_NO_PIC = NO;
				GCC_OPTIMIZATION_LEVEL = 0;
				GCC_PREPROCESSOR_DEFINITIONS = (
					"DEBUG=1",
					"$(inherited)",
				);
				GCC_SYMBOLS_PRIVATE_EXTERN = NO;
				GCC_WARN_64_TO_32_BIT_CONVERSION = YES;
				GCC_WARN_ABOUT_RETURN_TYPE = YES_ERROR;
				GCC_WARN_UNDECLARED_SELECTOR = YES;
				GCC_WARN_UNINITIALIZED_AUTOS = YES_AGGRESSIVE;
				GCC_WARN_UNUSED_FUNCTION = YES;
				GCC_WARN_UNUSED_VARIABLE = YES;
				IPHONEOS_DEPLOYMENT_TARGET = 8.1;
				MTL_ENABLE_DEBUG_INFO = YES;
				ONLY_ACTIVE_ARCH = YES;
				SDKROOT = iphoneos;
			};
			name = Debug;
		};
		30F3057A1A12EECF0072FB6E /* Release */ = {
			isa = XCBuildConfiguration;
			buildSettings = {
				ALWAYS_SEARCH_USER_PATHS = NO;
				CLANG_CXX_LANGUAGE_STANDARD = "gnu++0x";
				CLANG_CXX_LIBRARY = "libc++";
				CLANG_ENABLE_MODULES = YES;
				CLANG_ENABLE_OBJC_ARC = YES;
				CLANG_WARN_BOOL_CONVERSION = YES;
				CLANG_WARN_CONSTANT_CONVERSION = YES;
				CLANG_WARN_DIRECT_OBJC_ISA_USAGE = YES_ERROR;
				CLANG_WARN_EMPTY_BODY = YES;
				CLANG_WARN_ENUM_CONVERSION = YES;
				CLANG_WARN_INT_CONVERSION = YES;
				CLANG_WARN_OBJC_ROOT_CLASS = YES_ERROR;
				CLANG_WARN_UNREACHABLE_CODE = YES;
				CLANG_WARN__DUPLICATE_METHOD_MATCH = YES;
				"CODE_SIGN_IDENTITY[sdk=iphoneos*]" = "iPhone Developer";
				COPY_PHASE_STRIP = YES;
				ENABLE_NS_ASSERTIONS = NO;
				ENABLE_STRICT_OBJC_MSGSEND = YES;
				GCC_C_LANGUAGE_STANDARD = gnu99;
				GCC_WARN_64_TO_32_BIT_CONVERSION = YES;
				GCC_WARN_ABOUT_RETURN_TYPE = YES_ERROR;
				GCC_WARN_UNDECLARED_SELECTOR = YES;
				GCC_WARN_UNINITIALIZED_AUTOS = YES_AGGRESSIVE;
				GCC_WARN_UNUSED_FUNCTION = YES;
				GCC_WARN_UNUSED_VARIABLE = YES;
				IPHONEOS_DEPLOYMENT_TARGET = 8.1;
				MTL_ENABLE_DEBUG_INFO = NO;
				SDKROOT = iphoneos;
				VALIDATE_PRODUCT = YES;
			};
			name = Release;
		};
		30F3057C1A12EECF0072FB6E /* Debug */ = {
			isa = XCBuildConfiguration;
			buildSettings = {
				ASSETCATALOG_COMPILER_APPICON_NAME = AppIcon;
				INFOPLIST_FILE = FNDemo3/Info.plist;
				LD_RUNPATH_SEARCH_PATHS = "$(inherited) @executable_path/Frameworks";
				PRODUCT_NAME = "$(TARGET_NAME)";
			};
			name = Debug;
		};
		30F3057D1A12EECF0072FB6E /* Release */ = {
			isa = XCBuildConfiguration;
			buildSettings = {
				ASSETCATALOG_COMPILER_APPICON_NAME = AppIcon;
				INFOPLIST_FILE = FNDemo3/Info.plist;
				LD_RUNPATH_SEARCH_PATHS = "$(inherited) @executable_path/Frameworks";
				PRODUCT_NAME = "$(TARGET_NAME)";
			};
			name = Release;
		};
		30F3057F1A12EECF0072FB6E /* Debug */ = {
			isa = XCBuildConfiguration;
			buildSettings = {
				BUNDLE_LOADER = "$(TEST_HOST)";
				FRAMEWORK_SEARCH_PATHS = (
					"$(SDKROOT)/Developer/Library/Frameworks",
					"$(inherited)",
				);
				GCC_PREPROCESSOR_DEFINITIONS = (
					"DEBUG=1",
					"$(inherited)",
				);
				INFOPLIST_FILE = FNDemo3Tests/Info.plist;
				LD_RUNPATH_SEARCH_PATHS = "$(inherited) @executable_path/Frameworks @loader_path/Frameworks";
				PRODUCT_NAME = "$(TARGET_NAME)";
				TEST_HOST = "$(BUILT_PRODUCTS_DIR)/FNDemo3.app/FNDemo3";
			};
			name = Debug;
		};
		30F305801A12EECF0072FB6E /* Release */ = {
			isa = XCBuildConfiguration;
			buildSettings = {
				BUNDLE_LOADER = "$(TEST_HOST)";
				FRAMEWORK_SEARCH_PATHS = (
					"$(SDKROOT)/Developer/Library/Frameworks",
					"$(inherited)",
				);
				INFOPLIST_FILE = FNDemo3Tests/Info.plist;
				LD_RUNPATH_SEARCH_PATHS = "$(inherited) @executable_path/Frameworks @loader_path/Frameworks";
				PRODUCT_NAME = "$(TARGET_NAME)";
				TEST_HOST = "$(BUILT_PRODUCTS_DIR)/FNDemo3.app/FNDemo3";
			};
			name = Release;
		};
/* End XCBuildConfiguration section */

/* Begin XCConfigurationList section */
		30F305531A12EECE0072FB6E /* Build configuration list for PBXProject "FNDemo3" */ = {
			isa = XCConfigurationList;
			buildConfigurations = (
				30F305791A12EECF0072FB6E /* Debug */,
				30F3057A1A12EECF0072FB6E /* Release */,
			);
			defaultConfigurationIsVisible = 0;
			defaultConfigurationName = Release;
		};
		30F3057B1A12EECF0072FB6E /* Build configuration list for PBXNativeTarget "FNDemo3" */ = {
			isa = XCConfigurationList;
			buildConfigurations = (
				30F3057C1A12EECF0072FB6E /* Debug */,
				30F3057D1A12EECF0072FB6E /* Release */,
			);
			defaultConfigurationIsVisible = 0;
			defaultConfigurationName = Release;
		};
		30F3057E1A12EECF0072FB6E /* Build configuration list for PBXNativeTarget "FNDemo3Tests" */ = {
			isa = XCConfigurationList;
			buildConfigurations = (
				30F3057F1A12EECF0072FB6E /* Debug */,
				30F305801A12EECF0072FB6E /* Release */,
			);
			defaultConfigurationIsVisible = 0;
			defaultConfigurationName = Release;
		};
/* End XCConfigurationList section */
	};
	rootObject = 30F305501A12EECE0072FB6E /* Project object */;
}
